
Microsoft Visual Studio Solution File, Format Version 12.00
# Visual Studio Version 16
VisualStudioVersion = 16.0.30104.148
MinimumVisualStudioVersion = 10.0.40219.1
Project("{9A19103F-16F7-4668-BE54-9A1E7A4F7556}") = "RSXmlCombinerCLI", "RSXmlCombiner\RSXmlCombinerCLI.csproj", "{F8DF7AE0-CA46-4E42-95A3-3BEA113BEEAB}"
EndProject
Project("{FAE04EC0-301F-11D3-BF4B-00C04F79EFBC}") = "XmlCombiners", "XmlCombiners\XmlCombiners.csproj", "{9C2ABC2F-BF49-42C8-AD76-73D303C8FFF8}"
EndProject
Project("{FAE04EC0-301F-11D3-BF4B-00C04F79EFBC}") = "RSXmlCombinerGUI", "RSXmlCombinerGUI\RSXmlCombinerGUI.csproj", "{23510084-6322-450A-9D0F-F2052CBB19E4}"
EndProject
Global
	GlobalSection(SolutionConfigurationPlatforms) = preSolution
		Debug|Any CPU = Debug|Any CPU
		Release|Any CPU = Release|Any CPU
	EndGlobalSection
	GlobalSection(ProjectConfigurationPlatforms) = postSolution
		{F8DF7AE0-CA46-4E42-95A3-3BEA113BEEAB}.Debug|Any CPU.ActiveCfg = Debug|Any CPU
		{F8DF7AE0-CA46-4E42-95A3-3BEA113BEEAB}.Debug|Any CPU.Build.0 = Debug|Any CPU
		{F8DF7AE0-CA46-4E42-95A3-3BEA113BEEAB}.Release|Any CPU.ActiveCfg = Release|Any CPU
		{F8DF7AE0-CA46-4E42-95A3-3BEA113BEEAB}.Release|Any CPU.Build.0 = Release|Any CPU
		{9C2ABC2F-BF49-42C8-AD76-73D303C8FFF8}.Debug|Any CPU.ActiveCfg = Debug|Any CPU
		{9C2ABC2F-BF49-42C8-AD76-73D303C8FFF8}.Debug|Any CPU.Build.0 = Debug|Any CPU
		{9C2ABC2F-BF49-42C8-AD76-73D303C8FFF8}.Release|Any CPU.ActiveCfg = Release|Any CPU
		{9C2ABC2F-BF49-42C8-AD76-73D303C8FFF8}.Release|Any CPU.Build.0 = Release|Any CPU
		{23510084-6322-450A-9D0F-F2052CBB19E4}.Debug|Any CPU.ActiveCfg = Debug|Any CPU
		{23510084-6322-450A-9D0F-F2052CBB19E4}.Debug|Any CPU.Build.0 = Debug|Any CPU
		{23510084-6322-450A-9D0F-F2052CBB19E4}.Release|Any CPU.ActiveCfg = Release|Any CPU
		{23510084-6322-450A-9D0F-F2052CBB19E4}.Release|Any CPU.Build.0 = Release|Any CPU
	EndGlobalSection
	GlobalSection(SolutionProperties) = preSolution
		HideSolutionNode = FALSE
	EndGlobalSection
	GlobalSection(ExtensibilityGlobals) = postSolution
		SolutionGuid = {68089763-2116-42DB-B204-701AF9D08AE1}
	EndGlobalSection
EndGlobal
